// !$*UTF8*$!
{
	archiveVersion = 1;
	classes = {
	};
	objectVersion = 50;
	objects = {

/* Begin PBXBuildFile section */
		1BEF66B725E9FF08006AA625 /* AppDelegate.swift in Sources */ = {isa = PBXBuildFile; fileRef = 1BEF66B625E9FF08006AA625 /* AppDelegate.swift */; };
		1BEF66C025E9FF09006AA625 /* Assets.xcassets in Resources */ = {isa = PBXBuildFile; fileRef = 1BEF66BF25E9FF09006AA625 /* Assets.xcassets */; };
		1BEF66C325E9FF09006AA625 /* LaunchScreen.storyboard in Resources */ = {isa = PBXBuildFile; fileRef = 1BEF66C125E9FF09006AA625 /* LaunchScreen.storyboard */; };
		1BEF66E125EA3FBC006AA625 /* Depdendencies.swift in Sources */ = {isa = PBXBuildFile; fileRef = 1BEF66E025EA3FBC006AA625 /* Depdendencies.swift */; };
		1BEF66E725EA6FB2006AA625 /* EventTracker.swift in Sources */ = {isa = PBXBuildFile; fileRef = 1BEF66E625EA6FB2006AA625 /* EventTracker.swift */; };
		1BEF66EA25EA7000006AA625 /* LoaderProvider.swift in Sources */ = {isa = PBXBuildFile; fileRef = 1BEF66E925EA7000006AA625 /* LoaderProvider.swift */; };
		1BEF66F525EA7220006AA625 /* HomeScreenModuleBuilder.swift in Sources */ = {isa = PBXBuildFile; fileRef = 1BEF66EE25EA721F006AA625 /* HomeScreenModuleBuilder.swift */; };
		1BEF66F625EA7220006AA625 /* HomeScreenPresenter.swift in Sources */ = {isa = PBXBuildFile; fileRef = 1BEF66EF25EA721F006AA625 /* HomeScreenPresenter.swift */; };
		1BEF66F725EA7220006AA625 /* HomeScreenRouter.swift in Sources */ = {isa = PBXBuildFile; fileRef = 1BEF66F025EA721F006AA625 /* HomeScreenRouter.swift */; };
		1BEF66F825EA7220006AA625 /* HomeScreenViewController.swift in Sources */ = {isa = PBXBuildFile; fileRef = 1BEF66F125EA721F006AA625 /* HomeScreenViewController.swift */; };
		1BEF66FA25EA7220006AA625 /* HomeScreenInteractor.swift in Sources */ = {isa = PBXBuildFile; fileRef = 1BEF66F325EA7220006AA625 /* HomeScreenInteractor.swift */; };
		1BEF66FB25EA7220006AA625 /* HomeScreenViewController.xib in Resources */ = {isa = PBXBuildFile; fileRef = 1BEF66F425EA7220006AA625 /* HomeScreenViewController.xib */; };
/* End PBXBuildFile section */

/* Begin PBXFileReference section */
		1BEF66B325E9FF08006AA625 /* Example.app */ = {isa = PBXFileReference; explicitFileType = wrapper.application; includeInIndex = 0; path = Example.app; sourceTree = BUILT_PRODUCTS_DIR; };
		1BEF66B625E9FF08006AA625 /* AppDelegate.swift */ = {isa = PBXFileReference; lastKnownFileType = sourcecode.swift; path = AppDelegate.swift; sourceTree = "<group>"; };
		1BEF66BF25E9FF09006AA625 /* Assets.xcassets */ = {isa = PBXFileReference; lastKnownFileType = folder.assetcatalog; path = Assets.xcassets; sourceTree = "<group>"; };
		1BEF66C225E9FF09006AA625 /* Base */ = {isa = PBXFileReference; lastKnownFileType = file.storyboard; name = Base; path = Base.lproj/LaunchScreen.storyboard; sourceTree = "<group>"; };
		1BEF66C425E9FF09006AA625 /* Info.plist */ = {isa = PBXFileReference; lastKnownFileType = text.plist.xml; path = Info.plist; sourceTree = "<group>"; };
		1BEF66E025EA3FBC006AA625 /* Depdendencies.swift */ = {isa = PBXFileReference; lastKnownFileType = sourcecode.swift; path = Depdendencies.swift; sourceTree = "<group>"; };
		1BEF66E625EA6FB2006AA625 /* EventTracker.swift */ = {isa = PBXFileReference; lastKnownFileType = sourcecode.swift; path = EventTracker.swift; sourceTree = "<group>"; };
		1BEF66E925EA7000006AA625 /* LoaderProvider.swift */ = {isa = PBXFileReference; lastKnownFileType = sourcecode.swift; path = LoaderProvider.swift; sourceTree = "<group>"; };
		1BEF66EE25EA721F006AA625 /* HomeScreenModuleBuilder.swift */ = {isa = PBXFileReference; lastKnownFileType = sourcecode.swift; path = HomeScreenModuleBuilder.swift; sourceTree = "<group>"; };
		1BEF66EF25EA721F006AA625 /* HomeScreenPresenter.swift */ = {isa = PBXFileReference; lastKnownFileType = sourcecode.swift; path = HomeScreenPresenter.swift; sourceTree = "<group>"; };
		1BEF66F025EA721F006AA625 /* HomeScreenRouter.swift */ = {isa = PBXFileReference; lastKnownFileType = sourcecode.swift; path = HomeScreenRouter.swift; sourceTree = "<group>"; };
		1BEF66F125EA721F006AA625 /* HomeScreenViewController.swift */ = {isa = PBXFileReference; lastKnownFileType = sourcecode.swift; path = HomeScreenViewController.swift; sourceTree = "<group>"; };
		1BEF66F325EA7220006AA625 /* HomeScreenInteractor.swift */ = {isa = PBXFileReference; lastKnownFileType = sourcecode.swift; path = HomeScreenInteractor.swift; sourceTree = "<group>"; };
		1BEF66F425EA7220006AA625 /* HomeScreenViewController.xib */ = {isa = PBXFileReference; lastKnownFileType = file.xib; path = HomeScreenViewController.xib; sourceTree = "<group>"; };
/* End PBXFileReference section */

/* Begin PBXFrameworksBuildPhase section */
		1BEF66B025E9FF08006AA625 /* Frameworks */ = {
			isa = PBXFrameworksBuildPhase;
			buildActionMask = 2147483647;
			files = (
			);
			runOnlyForDeploymentPostprocessing = 0;
		};
/* End PBXFrameworksBuildPhase section */

/* Begin PBXGroup section */
		1BEF66AA25E9FF08006AA625 = {
			isa = PBXGroup;
			children = (
				1BEF66B525E9FF08006AA625 /* Example */,
				1BEF66B425E9FF08006AA625 /* Products */,
			);
			sourceTree = "<group>";
		};
		1BEF66B425E9FF08006AA625 /* Products */ = {
			isa = PBXGroup;
			children = (
				1BEF66B325E9FF08006AA625 /* Example.app */,
			);
			name = Products;
			sourceTree = "<group>";
		};
		1BEF66B525E9FF08006AA625 /* Example */ = {
			isa = PBXGroup;
			children = (
				1BEF66ED25EA7213006AA625 /* HomeScreen */,
				1BEF66DF25EA3FA9006AA625 /* Depdendencies */,
				1BEF66B625E9FF08006AA625 /* AppDelegate.swift */,
				1BEF66BF25E9FF09006AA625 /* Assets.xcassets */,
				1BEF66C125E9FF09006AA625 /* LaunchScreen.storyboard */,
				1BEF66C425E9FF09006AA625 /* Info.plist */,
			);
			path = Example;
			sourceTree = "<group>";
		};
		1BEF66DF25EA3FA9006AA625 /* Depdendencies */ = {
			isa = PBXGroup;
			children = (
				1BEF66E025EA3FBC006AA625 /* Depdendencies.swift */,
				1BEF66E625EA6FB2006AA625 /* EventTracker.swift */,
				1BEF66E925EA7000006AA625 /* LoaderProvider.swift */,
			);
			path = Depdendencies;
			sourceTree = "<group>";
		};
		1BEF66ED25EA7213006AA625 /* HomeScreen */ = {
			isa = PBXGroup;
			children = (
				1BEF66EE25EA721F006AA625 /* HomeScreenModuleBuilder.swift */,
				1BEF66EF25EA721F006AA625 /* HomeScreenPresenter.swift */,
				1BEF66F025EA721F006AA625 /* HomeScreenRouter.swift */,
				1BEF66F125EA721F006AA625 /* HomeScreenViewController.swift */,
				1BEF66F325EA7220006AA625 /* HomeScreenInteractor.swift */,
				1BEF66F425EA7220006AA625 /* HomeScreenViewController.xib */,
			);
			path = HomeScreen;
			sourceTree = "<group>";
		};
/* End PBXGroup section */

/* Begin PBXNativeTarget section */
		1BEF66B225E9FF08006AA625 /* Example */ = {
			isa = PBXNativeTarget;
			buildConfigurationList = 1BEF66C725E9FF09006AA625 /* Build configuration list for PBXNativeTarget "Example" */;
			buildPhases = (
				1BEF66AF25E9FF08006AA625 /* Sources */,
				1BEF66B025E9FF08006AA625 /* Frameworks */,
				1BEF66B125E9FF08006AA625 /* Resources */,
			);
			buildRules = (
			);
			dependencies = (
			);
			name = Example;
			productName = Example;
			productReference = 1BEF66B325E9FF08006AA625 /* Example.app */;
			productType = "com.apple.product-type.application";
		};
/* End PBXNativeTarget section */

/* Begin PBXProject section */
		1BEF66AB25E9FF08006AA625 /* Project object */ = {
			isa = PBXProject;
			attributes = {
				LastSwiftUpdateCheck = 1220;
				LastUpgradeCheck = 1220;
				TargetAttributes = {
					1BEF66B225E9FF08006AA625 = {
						CreatedOnToolsVersion = 12.2;
					};
				};
			};
			buildConfigurationList = 1BEF66AE25E9FF08006AA625 /* Build configuration list for PBXProject "Example" */;
			compatibilityVersion = "Xcode 9.3";
			developmentRegion = en;
			hasScannedForEncodings = 0;
			knownRegions = (
				en,
				Base,
			);
			mainGroup = 1BEF66AA25E9FF08006AA625;
			productRefGroup = 1BEF66B425E9FF08006AA625 /* Products */;
			projectDirPath = "";
			projectRoot = "";
			targets = (
				1BEF66B225E9FF08006AA625 /* Example */,
			);
		};
/* End PBXProject section */

/* Begin PBXResourcesBuildPhase section */
		1BEF66B125E9FF08006AA625 /* Resources */ = {
			isa = PBXResourcesBuildPhase;
			buildActionMask = 2147483647;
			files = (
				1BEF66FB25EA7220006AA625 /* HomeScreenViewController.xib in Resources */,
				1BEF66C325E9FF09006AA625 /* LaunchScreen.storyboard in Resources */,
				1BEF66C025E9FF09006AA625 /* Assets.xcassets in Resources */,
			);
			runOnlyForDeploymentPostprocessing = 0;
		};
/* End PBXResourcesBuildPhase section */

/* Begin PBXSourcesBuildPhase section */
		1BEF66AF25E9FF08006AA625 /* Sources */ = {
			isa = PBXSourcesBuildPhase;
			buildActionMask = 2147483647;
			files = (
				1BEF66EA25EA7000006AA625 /* LoaderProvider.swift in Sources */,
				1BEF66E725EA6FB2006AA625 /* EventTracker.swift in Sources */,
				1BEF66FA25EA7220006AA625 /* HomeScreenInteractor.swift in Sources */,
				1BEF66E125EA3FBC006AA625 /* Depdendencies.swift in Sources */,
				1BEF66F725EA7220006AA625 /* HomeScreenRouter.swift in Sources */,
				1BEF66F625EA7220006AA625 /* HomeScreenPresenter.swift in Sources */,
				1BEF66F825EA7220006AA625 /* HomeScreenViewController.swift in Sources */,
				1BEF66B725E9FF08006AA625 /* AppDelegate.swift in Sources */,
				1BEF66F525EA7220006AA625 /* HomeScreenModuleBuilder.swift in Sources */,
			);
			runOnlyForDeploymentPostprocessing = 0;
		};
/* End PBXSourcesBuildPhase section */

/* Begin PBXVariantGroup section */
		1BEF66C125E9FF09006AA625 /* LaunchScreen.storyboard */ = {
			isa = PBXVariantGroup;
			children = (
				1BEF66C225E9FF09006AA625 /* Base */,
			);
			name = LaunchScreen.storyboard;
			sourceTree = "<group>";
		};
/* End PBXVariantGroup section */

/* Begin XCBuildConfiguration section */
		1BEF66C525E9FF09006AA625 /* Debug */ = {
			isa = XCBuildConfiguration;
			buildSettings = {
				ALWAYS_SEARCH_USER_PATHS = NO;
				CLANG_ANALYZER_NONNULL = YES;
				CLANG_ANALYZER_NUMBER_OBJECT_CONVERSION = YES_AGGRESSIVE;
				CLANG_CXX_LANGUAGE_STANDARD = "gnu++14";
				CLANG_CXX_LIBRARY = "libc++";
				CLANG_ENABLE_MODULES = YES;
				CLANG_ENABLE_OBJC_ARC = YES;
				CLANG_ENABLE_OBJC_WEAK = YES;
				CLANG_WARN_BLOCK_CAPTURE_AUTORELEASING = YES;
				CLANG_WARN_BOOL_CONVERSION = YES;
				CLANG_WARN_COMMA = YES;
				CLANG_WARN_CONSTANT_CONVERSION = YES;
				CLANG_WARN_DEPRECATED_OBJC_IMPLEMENTATIONS = YES;
				CLANG_WARN_DIRECT_OBJC_ISA_USAGE = YES_ERROR;
				CLANG_WARN_DOCUMENTATION_COMMENTS = YES;
				CLANG_WARN_EMPTY_BODY = YES;
				CLANG_WARN_ENUM_CONVERSION = YES;
				CLANG_WARN_INFINITE_RECURSION = YES;
				CLANG_WARN_INT_CONVERSION = YES;
				CLANG_WARN_NON_LITERAL_NULL_CONVERSION = YES;
				CLANG_WARN_OBJC_IMPLICIT_RETAIN_SELF = YES;
				CLANG_WARN_OBJC_LITERAL_CONVERSION = YES;
				CLANG_WARN_OBJC_ROOT_CLASS = YES_ERROR;
				CLANG_WARN_QUOTED_INCLUDE_IN_FRAMEWORK_HEADER = YES;
				CLANG_WARN_RANGE_LOOP_ANALYSIS = YES;
				CLANG_WARN_STRICT_PROTOTYPES = YES;
				CLANG_WARN_SUSPICIOUS_MOVE = YES;
				CLANG_WARN_UNGUARDED_AVAILABILITY = YES_AGGRESSIVE;
				CLANG_WARN_UNREACHABLE_CODE = YES;
				CLANG_WARN__DUPLICATE_METHOD_MATCH = YES;
				COPY_PHASE_STRIP = NO;
				DEBUG_INFORMATION_FORMAT = dwarf;
				ENABLE_STRICT_OBJC_MSGSEND = YES;
				ENABLE_TESTABILITY = YES;
				GCC_C_LANGUAGE_STANDARD = gnu11;
				GCC_DYNAMIC_NO_PIC = NO;
				GCC_NO_COMMON_BLOCKS = YES;
				GCC_OPTIMIZATION_LEVEL = 0;
				GCC_PREPROCESSOR_DEFINITIONS = (
					"DEBUG=1",
					"$(inherited)",
				);
				GCC_WARN_64_TO_32_BIT_CONVERSION = YES;
				GCC_WARN_ABOUT_RETURN_TYPE = YES_ERROR;
				GCC_WARN_UNDECLARED_SELECTOR = YES;
				GCC_WARN_UNINITIALIZED_AUTOS = YES_AGGRESSIVE;
				GCC_WARN_UNUSED_FUNCTION = YES;
				GCC_WARN_UNUSED_VARIABLE = YES;
				IPHONEOS_DEPLOYMENT_TARGET = 14.2;
				MTL_ENABLE_DEBUG_INFO = INCLUDE_SOURCE;
				MTL_FAST_MATH = YES;
				ONLY_ACTIVE_ARCH = YES;
				SDKROOT = iphoneos;
				SWIFT_ACTIVE_COMPILATION_CONDITIONS = DEBUG;
				SWIFT_OPTIMIZATION_LEVEL = "-Onone";
			};
			name = Debug;
		};
		1BEF66C625E9FF09006AA625 /* Release */ = {
			isa = XCBuildConfiguration;
			buildSettings = {
				ALWAYS_SEARCH_USER_PATHS = NO;
				CLANG_ANALYZER_NONNULL = YES;
				CLANG_ANALYZER_NUMBER_OBJECT_CONVERSION = YES_AGGRESSIVE;
				CLANG_CXX_LANGUAGE_STANDARD = "gnu++14";
				CLANG_CXX_LIBRARY = "libc++";
				CLANG_ENABLE_MODULES = YES;
				CLANG_ENABLE_OBJC_ARC = YES;
				CLANG_ENABLE_OBJC_WEAK = YES;
				CLANG_WARN_BLOCK_CAPTURE_AUTORELEASING = YES;
				CLANG_WARN_BOOL_CONVERSION = YES;
				CLANG_WARN_COMMA = YES;
				CLANG_WARN_CONSTANT_CONVERSION = YES;
				CLANG_WARN_DEPRECATED_OBJC_IMPLEMENTATIONS = YES;
				CLANG_WARN_DIRECT_OBJC_ISA_USAGE = YES_ERROR;
				CLANG_WARN_DOCUMENTATION_COMMENTS = YES;
				CLANG_WARN_EMPTY_BODY = YES;
				CLANG_WARN_ENUM_CONVERSION = YES;
				CLANG_WARN_INFINITE_RECURSION = YES;
				CLANG_WARN_INT_CONVERSION = YES;
				CLANG_WARN_NON_LITERAL_NULL_CONVERSION = YES;
				CLANG_WARN_OBJC_IMPLICIT_RETAIN_SELF = YES;
				CLANG_WARN_OBJC_LITERAL_CONVERSION = YES;
				CLANG_WARN_OBJC_ROOT_CLASS = YES_ERROR;
				CLANG_WARN_QUOTED_INCLUDE_IN_FRAMEWORK_HEADER = YES;
				CLANG_WARN_RANGE_LOOP_ANALYSIS = YES;
				CLANG_WARN_STRICT_PROTOTYPES = YES;
				CLANG_WARN_SUSPICIOUS_MOVE = YES;
				CLANG_WARN_UNGUARDED_AVAILABILITY = YES_AGGRESSIVE;
				CLANG_WARN_UNREACHABLE_CODE = YES;
				CLANG_WARN__DUPLICATE_METHOD_MATCH = YES;
				COPY_PHASE_STRIP = NO;
				DEBUG_INFORMATION_FORMAT = "dwarf-with-dsym";
				ENABLE_NS_ASSERTIONS = NO;
				ENABLE_STRICT_OBJC_MSGSEND = YES;
				GCC_C_LANGUAGE_STANDARD = gnu11;
				GCC_NO_COMMON_BLOCKS = YES;
				GCC_WARN_64_TO_32_BIT_CONVERSION = YES;
				GCC_WARN_ABOUT_RETURN_TYPE = YES_ERROR;
				GCC_WARN_UNDECLARED_SELECTOR = YES;
				GCC_WARN_UNINITIALIZED_AUTOS = YES_AGGRESSIVE;
				GCC_WARN_UNUSED_FUNCTION = YES;
				GCC_WARN_UNUSED_VARIABLE = YES;
				IPHONEOS_DEPLOYMENT_TARGET = 14.2;
				MTL_ENABLE_DEBUG_INFO = NO;
				MTL_FAST_MATH = YES;
				SDKROOT = iphoneos;
				SWIFT_COMPILATION_MODE = wholemodule;
				SWIFT_OPTIMIZATION_LEVEL = "-O";
				VALIDATE_PRODUCT = YES;
			};
			name = Release;
		};
		1BEF66C825E9FF09006AA625 /* Debug */ = {
			isa = XCBuildConfiguration;
			buildSettings = {
				ASSETCATALOG_COMPILER_APPICON_NAME = AppIcon;
				ASSETCATALOG_COMPILER_GLOBAL_ACCENT_COLOR_NAME = AccentColor;
				CODE_SIGN_STYLE = Automatic;
				INFOPLIST_FILE = Example/Info.plist;
				LD_RUNPATH_SEARCH_PATHS = (
					"$(inherited)",
					"@executable_path/Frameworks",
				);
				PRODUCT_BUNDLE_IDENTIFIER = akash.Example;
				PRODUCT_NAME = "$(TARGET_NAME)";
				SWIFT_VERSION = 5.0;
				TARGETED_DEVICE_FAMILY = "1,2";
			};
			name = Debug;
		};
		1BEF66C925E9FF09006AA625 /* Release */ = {
			isa = XCBuildConfiguration;
			buildSettings = {
				ASSETCATALOG_COMPILER_APPICON_NAME = AppIcon;
				ASSETCATALOG_COMPILER_GLOBAL_ACCENT_COLOR_NAME = AccentColor;
				CODE_SIGN_STYLE = Automatic;
				INFOPLIST_FILE = Example/Info.plist;
				LD_RUNPATH_SEARCH_PATHS = (
					"$(inherited)",
					"@executable_path/Frameworks",
				);
				PRODUCT_BUNDLE_IDENTIFIER = akash.Example;
				PRODUCT_NAME = "$(TARGET_NAME)";
				SWIFT_VERSION = 5.0;
				TARGETED_DEVICE_FAMILY = "1,2";
			};
			name = Release;
		};
/* End XCBuildConfiguration section */

/* Begin XCConfigurationList section */
		1BEF66AE25E9FF08006AA625 /* Build configuration list for PBXProject "Example" */ = {
			isa = XCConfigurationList;
			buildConfigurations = (
				1BEF66C525E9FF09006AA625 /* Debug */,
				1BEF66C625E9FF09006AA625 /* Release */,
			);
			defaultConfigurationIsVisible = 0;
			defaultConfigurationName = Release;
		};
		1BEF66C725E9FF09006AA625 /* Build configuration list for PBXNativeTarget "Example" */ = {
			isa = XCConfigurationList;
			buildConfigurations = (
				1BEF66C825E9FF09006AA625 /* Debug */,
				1BEF66C925E9FF09006AA625 /* Release */,
			);
			defaultConfigurationIsVisible = 0;
			defaultConfigurationName = Release;
		};
/* End XCConfigurationList section */
	};
	rootObject = 1BEF66AB25E9FF08006AA625 /* Project object */;
}
